
Microsoft Visual Studio Solution File, Format Version 12.00
# Visual Studio Version 17
VisualStudioVersion = 17.14.37203.1 d17.14
MinimumVisualStudioVersion = 10.0.40219.1
Project("{FAE04EC0-301F-11D3-BF4B-00C04F79EFBC}") = "SmartDevicesStore.API", "SmartDevicesStore.API\SmartDevicesStore.API.csproj", "{AA9410AB-12D4-4D8F-83BB-EE89977C5271}"
EndProject
Global
	GlobalSection(SolutionConfigurationPlatforms) = preSolution
		Debug|Any CPU = Debug|Any CPU
		Release|Any CPU = Release|Any CPU
	EndGlobalSection
	GlobalSection(ProjectConfigurationPlatforms) = postSolution
		{AA9410AB-12D4-4D8F-83BB-EE89977C5271}.Debug|Any CPU.ActiveCfg = Debug|Any CPU
		{AA9410AB-12D4-4D8F-83BB-EE89977C5271}.Debug|Any CPU.Build.0 = Debug|Any CPU
		{AA9410AB-12D4-4D8F-83BB-EE89977C5271}.Release|Any CPU.ActiveCfg = Release|Any CPU
		{AA9410AB-12D4-4D8F-83BB-EE89977C5271}.Release|Any CPU.Build.0 = Release|Any CPU
	EndGlobalSection
	GlobalSection(SolutionProperties) = preSolution
		HideSolutionNode = FALSE
	EndGlobalSection
	GlobalSection(ExtensibilityGlobals) = postSolution
		SolutionGuid = {F731FBB0-FD79-44B2-877F-A1AE1DF2554B}
	EndGlobalSection
EndGlobal
